
Microsoft Visual Studio Solution File, Format Version 12.00
# Visual Studio Version 17
VisualStudioVersion = 17.2.32505.173
MinimumVisualStudioVersion = 10.0.40219.1
Project("{9A19103F-16F7-4668-BE54-9A1E7A4F7556}") = "GDMCHttp", "GDMCHttp\GDMCHttp.csproj", "{7F0E98E1-F7CC-446C-B5F2-117F79B0C9A3}"
EndProject
Project("{FAE04EC0-301F-11D3-BF4B-00C04F79EFBC}") = "GDMC-Debugging", "GDMC-Debugging\GDMC-Debugging.csproj", "{6700067C-C1B2-4215-8F0D-B6CB683CE739}"
EndProject
Global
	GlobalSection(SolutionConfigurationPlatforms) = preSolution
		Debug|Any CPU = Debug|Any CPU
		Release|Any CPU = Release|Any CPU
	EndGlobalSection
	GlobalSection(ProjectConfigurationPlatforms) = postSolution
		{7F0E98E1-F7CC-446C-B5F2-117F79B0C9A3}.Debug|Any CPU.ActiveCfg = Debug|Any CPU
		{7F0E98E1-F7CC-446C-B5F2-117F79B0C9A3}.Debug|Any CPU.Build.0 = Debug|Any CPU
		{7F0E98E1-F7CC-446C-B5F2-117F79B0C9A3}.Release|Any CPU.ActiveCfg = Release|Any CPU
		{7F0E98E1-F7CC-446C-B5F2-117F79B0C9A3}.Release|Any CPU.Build.0 = Release|Any CPU
		{6700067C-C1B2-4215-8F0D-B6CB683CE739}.Debug|Any CPU.ActiveCfg = Debug|Any CPU
		{6700067C-C1B2-4215-8F0D-B6CB683CE739}.Debug|Any CPU.Build.0 = Debug|Any CPU
		{6700067C-C1B2-4215-8F0D-B6CB683CE739}.Release|Any CPU.ActiveCfg = Release|Any CPU
		{6700067C-C1B2-4215-8F0D-B6CB683CE739}.Release|Any CPU.Build.0 = Release|Any CPU
	EndGlobalSection
	GlobalSection(SolutionProperties) = preSolution
		HideSolutionNode = FALSE
	EndGlobalSection
	GlobalSection(ExtensibilityGlobals) = postSolution
		SolutionGuid = {8561BC17-B2AC-4198-95BC-7EB39F19BE8F}
	EndGlobalSection
EndGlobal
